// !$*UTF8*$!
{
	archiveVersion = 1;
	classes = {
	};
	objectVersion = 50;
	objects = {

/* Begin PBXBuildFile section */
		5C360E9725085A7200401FA8 /* FretboardView.swift in Sources */ = {isa = PBXBuildFile; fileRef = 5C360E9625085A7200401FA8 /* FretboardView.swift */; };
		5CC5CC2824FCB86F009BF76F /* AppDelegate.swift in Sources */ = {isa = PBXBuildFile; fileRef = 5CC5CC2724FCB86F009BF76F /* AppDelegate.swift */; };
		5CC5CC2A24FCB86F009BF76F /* ViewController.swift in Sources */ = {isa = PBXBuildFile; fileRef = 5CC5CC2924FCB86F009BF76F /* ViewController.swift */; };
		5CC5CC2C24FCB880009BF76F /* Assets.xcassets in Resources */ = {isa = PBXBuildFile; fileRef = 5CC5CC2B24FCB880009BF76F /* Assets.xcassets */; };
		5CC5CC2F24FCB880009BF76F /* Main.storyboard in Resources */ = {isa = PBXBuildFile; fileRef = 5CC5CC2D24FCB880009BF76F /* Main.storyboard */; };
		5CC5CC3B24FCB881009BF76F /* musicthingTests.swift in Sources */ = {isa = PBXBuildFile; fileRef = 5CC5CC3A24FCB881009BF76F /* musicthingTests.swift */; };
		5CC5CC4624FCB881009BF76F /* musicthingUITests.swift in Sources */ = {isa = PBXBuildFile; fileRef = 5CC5CC4524FCB881009BF76F /* musicthingUITests.swift */; };
/* End PBXBuildFile section */

/* Begin PBXContainerItemProxy section */
		5CC5CC3724FCB881009BF76F /* PBXContainerItemProxy */ = {
			isa = PBXContainerItemProxy;
			containerPortal = 5CC5CC1C24FCB86F009BF76F /* Project object */;
			proxyType = 1;
			remoteGlobalIDString = 5CC5CC2324FCB86F009BF76F;
			remoteInfo = musicthing;
		};
		5CC5CC4224FCB881009BF76F /* PBXContainerItemProxy */ = {
			isa = PBXContainerItemProxy;
			containerPortal = 5CC5CC1C24FCB86F009BF76F /* Project object */;
			proxyType = 1;
			remoteGlobalIDString = 5CC5CC2324FCB86F009BF76F;
			remoteInfo = musicthing;
		};
/* End PBXContainerItemProxy section */

/* Begin PBXFileReference section */
		5C360E9625085A7200401FA8 /* FretboardView.swift */ = {isa = PBXFileReference; lastKnownFileType = sourcecode.swift; path = FretboardView.swift; sourceTree = "<group>"; };
		5CC5CC2424FCB86F009BF76F /* musicthing.app */ = {isa = PBXFileReference; explicitFileType = wrapper.application; includeInIndex = 0; path = musicthing.app; sourceTree = BUILT_PRODUCTS_DIR; };
		5CC5CC2724FCB86F009BF76F /* AppDelegate.swift */ = {isa = PBXFileReference; lastKnownFileType = sourcecode.swift; path = AppDelegate.swift; sourceTree = "<group>"; };
		5CC5CC2924FCB86F009BF76F /* ViewController.swift */ = {isa = PBXFileReference; lastKnownFileType = sourcecode.swift; path = ViewController.swift; sourceTree = "<group>"; };
		5CC5CC2B24FCB880009BF76F /* Assets.xcassets */ = {isa = PBXFileReference; lastKnownFileType = folder.assetcatalog; path = Assets.xcassets; sourceTree = "<group>"; };
		5CC5CC2E24FCB880009BF76F /* Base */ = {isa = PBXFileReference; lastKnownFileType = file.storyboard; name = Base; path = Base.lproj/Main.storyboard; sourceTree = "<group>"; };
		5CC5CC3024FCB880009BF76F /* Info.plist */ = {isa = PBXFileReference; lastKnownFileType = text.plist.xml; path = Info.plist; sourceTree = "<group>"; };
		5CC5CC3124FCB880009BF76F /* musicthing.entitlements */ = {isa = PBXFileReference; lastKnownFileType = text.plist.entitlements; path = musicthing.entitlements; sourceTree = "<group>"; };
		5CC5CC3624FCB881009BF76F /* musicthingTests.xctest */ = {isa = PBXFileReference; explicitFileType = wrapper.cfbundle; includeInIndex = 0; path = musicthingTests.xctest; sourceTree = BUILT_PRODUCTS_DIR; };
		5CC5CC3A24FCB881009BF76F /* musicthingTests.swift */ = {isa = PBXFileReference; lastKnownFileType = sourcecode.swift; path = musicthingTests.swift; sourceTree = "<group>"; };
		5CC5CC3C24FCB881009BF76F /* Info.plist */ = {isa = PBXFileReference; lastKnownFileType = text.plist.xml; path = Info.plist; sourceTree = "<group>"; };
		5CC5CC4124FCB881009BF76F /* musicthingUITests.xctest */ = {isa = PBXFileReference; explicitFileType = wrapper.cfbundle; includeInIndex = 0; path = musicthingUITests.xctest; sourceTree = BUILT_PRODUCTS_DIR; };
		5CC5CC4524FCB881009BF76F /* musicthingUITests.swift */ = {isa = PBXFileReference; lastKnownFileType = sourcecode.swift; path = musicthingUITests.swift; sourceTree = "<group>"; };
		5CC5CC4724FCB881009BF76F /* Info.plist */ = {isa = PBXFileReference; lastKnownFileType = text.plist.xml; path = Info.plist; sourceTree = "<group>"; };
/* End PBXFileReference section */

/* Begin PBXFrameworksBuildPhase section */
		5CC5CC2124FCB86F009BF76F /* Frameworks */ = {
			isa = PBXFrameworksBuildPhase;
			buildActionMask = 2147483647;
			files = (
			);
			runOnlyForDeploymentPostprocessing = 0;
		};
		5CC5CC3324FCB881009BF76F /* Frameworks */ = {
			isa = PBXFrameworksBuildPhase;
			buildActionMask = 2147483647;
			files = (
			);
			runOnlyForDeploymentPostprocessing = 0;
		};
		5CC5CC3E24FCB881009BF76F /* Frameworks */ = {
			isa = PBXFrameworksBuildPhase;
			buildActionMask = 2147483647;
			files = (
			);
			runOnlyForDeploymentPostprocessing = 0;
		};
/* End PBXFrameworksBuildPhase section */

/* Begin PBXGroup section */
		5CC5CC1B24FCB86F009BF76F = {
			isa = PBXGroup;
			children = (
				5CC5CC2624FCB86F009BF76F /* musicthing */,
				5CC5CC3924FCB881009BF76F /* musicthingTests */,
				5CC5CC4424FCB881009BF76F /* musicthingUITests */,
				5CC5CC2524FCB86F009BF76F /* Products */,
			);
			sourceTree = "<group>";
		};
		5CC5CC2524FCB86F009BF76F /* Products */ = {
			isa = PBXGroup;
			children = (
				5CC5CC2424FCB86F009BF76F /* musicthing.app */,
				5CC5CC3624FCB881009BF76F /* musicthingTests.xctest */,
				5CC5CC4124FCB881009BF76F /* musicthingUITests.xctest */,
			);
			name = Products;
			sourceTree = "<group>";
		};
		5CC5CC2624FCB86F009BF76F /* musicthing */ = {
			isa = PBXGroup;
			children = (
				5CC5CC2724FCB86F009BF76F /* AppDelegate.swift */,
				5CC5CC2924FCB86F009BF76F /* ViewController.swift */,
				5CC5CC2B24FCB880009BF76F /* Assets.xcassets */,
				5CC5CC2D24FCB880009BF76F /* Main.storyboard */,
				5CC5CC3024FCB880009BF76F /* Info.plist */,
				5CC5CC3124FCB880009BF76F /* musicthing.entitlements */,
				5C360E9625085A7200401FA8 /* FretboardView.swift */,
			);
			path = musicthing;
			sourceTree = "<group>";
		};
		5CC5CC3924FCB881009BF76F /* musicthingTests */ = {
			isa = PBXGroup;
			children = (
				5CC5CC3A24FCB881009BF76F /* musicthingTests.swift */,
				5CC5CC3C24FCB881009BF76F /* Info.plist */,
			);
			path = musicthingTests;
			sourceTree = "<group>";
		};
		5CC5CC4424FCB881009BF76F /* musicthingUITests */ = {
			isa = PBXGroup;
			children = (
				5CC5CC4524FCB881009BF76F /* musicthingUITests.swift */,
				5CC5CC4724FCB881009BF76F /* Info.plist */,
			);
			path = musicthingUITests;
			sourceTree = "<group>";
		};
/* End PBXGroup section */

/* Begin PBXNativeTarget section */
		5CC5CC2324FCB86F009BF76F /* musicthing */ = {
			isa = PBXNativeTarget;
			buildConfigurationList = 5CC5CC4A24FCB881009BF76F /* Build configuration list for PBXNativeTarget "musicthing" */;
			buildPhases = (
				5CC5CC2024FCB86F009BF76F /* Sources */,
				5CC5CC2124FCB86F009BF76F /* Frameworks */,
				5CC5CC2224FCB86F009BF76F /* Resources */,
			);
			buildRules = (
			);
			dependencies = (
			);
			name = musicthing;
			productName = musicthing;
			productReference = 5CC5CC2424FCB86F009BF76F /* musicthing.app */;
			productType = "com.apple.product-type.application";
		};
		5CC5CC3524FCB881009BF76F /* musicthingTests */ = {
			isa = PBXNativeTarget;
			buildConfigurationList = 5CC5CC4D24FCB881009BF76F /* Build configuration list for PBXNativeTarget "musicthingTests" */;
			buildPhases = (
				5CC5CC3224FCB881009BF76F /* Sources */,
				5CC5CC3324FCB881009BF76F /* Frameworks */,
				5CC5CC3424FCB881009BF76F /* Resources */,
			);
			buildRules = (
			);
			dependencies = (
				5CC5CC3824FCB881009BF76F /* PBXTargetDependency */,
			);
			name = musicthingTests;
			productName = musicthingTests;
			productReference = 5CC5CC3624FCB881009BF76F /* musicthingTests.xctest */;
			productType = "com.apple.product-type.bundle.unit-test";
		};
		5CC5CC4024FCB881009BF76F /* musicthingUITests */ = {
			isa = PBXNativeTarget;
			buildConfigurationList = 5CC5CC5024FCB881009BF76F /* Build configuration list for PBXNativeTarget "musicthingUITests" */;
			buildPhases = (
				5CC5CC3D24FCB881009BF76F /* Sources */,
				5CC5CC3E24FCB881009BF76F /* Frameworks */,
				5CC5CC3F24FCB881009BF76F /* Resources */,
			);
			buildRules = (
			);
			dependencies = (
				5CC5CC4324FCB881009BF76F /* PBXTargetDependency */,
			);
			name = musicthingUITests;
			productName = musicthingUITests;
			productReference = 5CC5CC4124FCB881009BF76F /* musicthingUITests.xctest */;
			productType = "com.apple.product-type.bundle.ui-testing";
		};
/* End PBXNativeTarget section */

/* Begin PBXProject section */
		5CC5CC1C24FCB86F009BF76F /* Project object */ = {
			isa = PBXProject;
			attributes = {
				LastSwiftUpdateCheck = 1160;
				LastUpgradeCheck = 1160;
				ORGANIZATIONNAME = spin;
				TargetAttributes = {
					5CC5CC2324FCB86F009BF76F = {
						CreatedOnToolsVersion = 11.6;
					};
					5CC5CC3524FCB881009BF76F = {
						CreatedOnToolsVersion = 11.6;
						TestTargetID = 5CC5CC2324FCB86F009BF76F;
					};
					5CC5CC4024FCB881009BF76F = {
						CreatedOnToolsVersion = 11.6;
						TestTargetID = 5CC5CC2324FCB86F009BF76F;
					};
				};
			};
			buildConfigurationList = 5CC5CC1F24FCB86F009BF76F /* Build configuration list for PBXProject "musicthing" */;
			compatibilityVersion = "Xcode 9.3";
			developmentRegion = en;
			hasScannedForEncodings = 0;
			knownRegions = (
				en,
				Base,
			);
			mainGroup = 5CC5CC1B24FCB86F009BF76F;
			productRefGroup = 5CC5CC2524FCB86F009BF76F /* Products */;
			projectDirPath = "";
			projectRoot = "";
			targets = (
				5CC5CC2324FCB86F009BF76F /* musicthing */,
				5CC5CC3524FCB881009BF76F /* musicthingTests */,
				5CC5CC4024FCB881009BF76F /* musicthingUITests */,
			);
		};
/* End PBXProject section */

/* Begin PBXResourcesBuildPhase section */
		5CC5CC2224FCB86F009BF76F /* Resources */ = {
			isa = PBXResourcesBuildPhase;
			buildActionMask = 2147483647;
			files = (
				5CC5CC2C24FCB880009BF76F /* Assets.xcassets in Resources */,
				5CC5CC2F24FCB880009BF76F /* Main.storyboard in Resources */,
			);
			runOnlyForDeploymentPostprocessing = 0;
		};
		5CC5CC3424FCB881009BF76F /* Resources */ = {
			isa = PBXResourcesBuildPhase;
			buildActionMask = 2147483647;
			files = (
			);
			runOnlyForDeploymentPostprocessing = 0;
		};
		5CC5CC3F24FCB881009BF76F /* Resources */ = {
			isa = PBXResourcesBuildPhase;
			buildActionMask = 2147483647;
			files = (
			);
			runOnlyForDeploymentPostprocessing = 0;
		};
/* End PBXResourcesBuildPhase section */

/* Begin PBXSourcesBuildPhase section */
		5CC5CC2024FCB86F009BF76F /* Sources */ = {
			isa = PBXSourcesBuildPhase;
			buildActionMask = 2147483647;
			files = (
				5CC5CC2A24FCB86F009BF76F /* ViewController.swift in Sources */,
				5CC5CC2824FCB86F009BF76F /* AppDelegate.swift in Sources */,
				5C360E9725085A7200401FA8 /* FretboardView.swift in Sources */,
			);
			runOnlyForDeploymentPostprocessing = 0;
		};
		5CC5CC3224FCB881009BF76F /* Sources */ = {
			isa = PBXSourcesBuildPhase;
			buildActionMask = 2147483647;
			files = (
				5CC5CC3B24FCB881009BF76F /* musicthingTests.swift in Sources */,
			);
			runOnlyForDeploymentPostprocessing = 0;
		};
		5CC5CC3D24FCB881009BF76F /* Sources */ = {
			isa = PBXSourcesBuildPhase;
			buildActionMask = 2147483647;
			files = (
				5CC5CC4624FCB881009BF76F /* musicthingUITests.swift in Sources */,
			);
			runOnlyForDeploymentPostprocessing = 0;
		};
/* End PBXSourcesBuildPhase section */

/* Begin PBXTargetDependency section */
		5CC5CC3824FCB881009BF76F /* PBXTargetDependency */ = {
			isa = PBXTargetDependency;
			target = 5CC5CC2324FCB86F009BF76F /* musicthing */;
			targetProxy = 5CC5CC3724FCB881009BF76F /* PBXContainerItemProxy */;
		};
		5CC5CC4324FCB881009BF76F /* PBXTargetDependency */ = {
			isa = PBXTargetDependency;
			target = 5CC5CC2324FCB86F009BF76F /* musicthing */;
			targetProxy = 5CC5CC4224FCB881009BF76F /* PBXContainerItemProxy */;
		};
/* End PBXTargetDependency section */

/* Begin PBXVariantGroup section */
		5CC5CC2D24FCB880009BF76F /* Main.storyboard */ = {
			isa = PBXVariantGroup;
			children = (
				5CC5CC2E24FCB880009BF76F /* Base */,
			);
			name = Main.storyboard;
			sourceTree = "<group>";
		};
/* End PBXVariantGroup section */

/* Begin XCBuildConfiguration section */
		5CC5CC4824FCB881009BF76F /* Debug */ = {
			isa = XCBuildConfiguration;
			buildSettings = {
				ALWAYS_SEARCH_USER_PATHS = NO;
				CLANG_ANALYZER_NONNULL = YES;
				CLANG_ANALYZER_NUMBER_OBJECT_CONVERSION = YES_AGGRESSIVE;
				CLANG_CXX_LANGUAGE_STANDARD = "gnu++14";
				CLANG_CXX_LIBRARY = "libc++";
				CLANG_ENABLE_MODULES = YES;
				CLANG_ENABLE_OBJC_ARC = YES;
				CLANG_ENABLE_OBJC_WEAK = YES;
				CLANG_WARN_BLOCK_CAPTURE_AUTORELEASING = YES;
				CLANG_WARN_BOOL_CONVERSION = YES;
				CLANG_WARN_COMMA = YES;
				CLANG_WARN_CONSTANT_CONVERSION = YES;
				CLANG_WARN_DEPRECATED_OBJC_IMPLEMENTATIONS = YES;
				CLANG_WARN_DIRECT_OBJC_ISA_USAGE = YES_ERROR;
				CLANG_WARN_DOCUMENTATION_COMMENTS = YES;
				CLANG_WARN_EMPTY_BODY = YES;
				CLANG_WARN_ENUM_CONVERSION = YES;
				CLANG_WARN_INFINITE_RECURSION = YES;
				CLANG_WARN_INT_CONVERSION = YES;
				CLANG_WARN_NON_LITERAL_NULL_CONVERSION = YES;
				CLANG_WARN_OBJC_IMPLICIT_RETAIN_SELF = YES;
				CLANG_WARN_OBJC_LITERAL_CONVERSION = YES;
				CLANG_WARN_OBJC_ROOT_CLASS = YES_ERROR;
				CLANG_WARN_RANGE_LOOP_ANALYSIS = YES;
				CLANG_WARN_STRICT_PROTOTYPES = YES;
				CLANG_WARN_SUSPICIOUS_MOVE = YES;
				CLANG_WARN_UNGUARDED_AVAILABILITY = YES_AGGRESSIVE;
				CLANG_WARN_UNREACHABLE_CODE = YES;
				CLANG_WARN__DUPLICATE_METHOD_MATCH = YES;
				COPY_PHASE_STRIP = NO;
				DEBUG_INFORMATION_FORMAT = dwarf;
				ENABLE_STRICT_OBJC_MSGSEND = YES;
				ENABLE_TESTABILITY = YES;
				GCC_C_LANGUAGE_STANDARD = gnu11;
				GCC_DYNAMIC_NO_PIC = NO;
				GCC_NO_COMMON_BLOCKS = YES;
				GCC_OPTIMIZATION_LEVEL = 0;
				GCC_PREPROCESSOR_DEFINITIONS = (
					"DEBUG=1",
					"$(inherited)",
				);
				GCC_WARN_64_TO_32_BIT_CONVERSION = YES;
				GCC_WARN_ABOUT_RETURN_TYPE = YES_ERROR;
				GCC_WARN_UNDECLARED_SELECTOR = YES;
				GCC_WARN_UNINITIALIZED_AUTOS = YES_AGGRESSIVE;
				GCC_WARN_UNUSED_FUNCTION = YES;
				GCC_WARN_UNUSED_VARIABLE = YES;
				MACOSX_DEPLOYMENT_TARGET = 10.15;
				MTL_ENABLE_DEBUG_INFO = INCLUDE_SOURCE;
				MTL_FAST_MATH = YES;
				ONLY_ACTIVE_ARCH = YES;
				SDKROOT = macosx;
				SWIFT_ACTIVE_COMPILATION_CONDITIONS = DEBUG;
				SWIFT_OPTIMIZATION_LEVEL = "-Onone";
			};
			name = Debug;
		};
		5CC5CC4924FCB881009BF76F /* Release */ = {
			isa = XCBuildConfiguration;
			buildSettings = {
				ALWAYS_SEARCH_USER_PATHS = NO;
				CLANG_ANALYZER_NONNULL = YES;
				CLANG_ANALYZER_NUMBER_OBJECT_CONVERSION = YES_AGGRESSIVE;
				CLANG_CXX_LANGUAGE_STANDARD = "gnu++14";
				CLANG_CXX_LIBRARY = "libc++";
				CLANG_ENABLE_MODULES = YES;
				CLANG_ENABLE_OBJC_ARC = YES;
				CLANG_ENABLE_OBJC_WEAK = YES;
				CLANG_WARN_BLOCK_CAPTURE_AUTORELEASING = YES;
				CLANG_WARN_BOOL_CONVERSION = YES;
				CLANG_WARN_COMMA = YES;
				CLANG_WARN_CONSTANT_CONVERSION = YES;
				CLANG_WARN_DEPRECATED_OBJC_IMPLEMENTATIONS = YES;
				CLANG_WARN_DIRECT_OBJC_ISA_USAGE = YES_ERROR;
				CLANG_WARN_DOCUMENTATION_COMMENTS = YES;
				CLANG_WARN_EMPTY_BODY = YES;
				CLANG_WARN_ENUM_CONVERSION = YES;
				CLANG_WARN_INFINITE_RECURSION = YES;
				CLANG_WARN_INT_CONVERSION = YES;
				CLANG_WARN_NON_LITERAL_NULL_CONVERSION = YES;
				CLANG_WARN_OBJC_IMPLICIT_RETAIN_SELF = YES;
				CLANG_WARN_OBJC_LITERAL_CONVERSION = YES;
				CLANG_WARN_OBJC_ROOT_CLASS = YES_ERROR;
				CLANG_WARN_RANGE_LOOP_ANALYSIS = YES;
				CLANG_WARN_STRICT_PROTOTYPES = YES;
				CLANG_WARN_SUSPICIOUS_MOVE = YES;
				CLANG_WARN_UNGUARDED_AVAILABILITY = YES_AGGRESSIVE;
				CLANG_WARN_UNREACHABLE_CODE = YES;
				CLANG_WARN__DUPLICATE_METHOD_MATCH = YES;
				COPY_PHASE_STRIP = NO;
				DEBUG_INFORMATION_FORMAT = "dwarf-with-dsym";
				ENABLE_NS_ASSERTIONS = NO;
				ENABLE_STRICT_OBJC_MSGSEND = YES;
				GCC_C_LANGUAGE_STANDARD = gnu11;
				GCC_NO_COMMON_BLOCKS = YES;
				GCC_WARN_64_TO_32_BIT_CONVERSION = YES;
				GCC_WARN_ABOUT_RETURN_TYPE = YES_ERROR;
				GCC_WARN_UNDECLARED_SELECTOR = YES;
				GCC_WARN_UNINITIALIZED_AUTOS = YES_AGGRESSIVE;
				GCC_WARN_UNUSED_FUNCTION = YES;
				GCC_WARN_UNUSED_VARIABLE = YES;
				MACOSX_DEPLOYMENT_TARGET = 10.15;
				MTL_ENABLE_DEBUG_INFO = NO;
				MTL_FAST_MATH = YES;
				SDKROOT = macosx;
				SWIFT_COMPILATION_MODE = wholemodule;
				SWIFT_OPTIMIZATION_LEVEL = "-O";
			};
			name = Release;
		};
		5CC5CC4B24FCB881009BF76F /* Debug */ = {
			isa = XCBuildConfiguration;
			buildSettings = {
				ASSETCATALOG_COMPILER_APPICON_NAME = AppIcon;
				CODE_SIGN_ENTITLEMENTS = musicthing/musicthing.entitlements;
				CODE_SIGN_STYLE = Automatic;
				COMBINE_HIDPI_IMAGES = YES;
				INFOPLIST_FILE = musicthing/Info.plist;
				LD_RUNPATH_SEARCH_PATHS = (
					"$(inherited)",
					"@executable_path/../Frameworks",
				);
				PRODUCT_BUNDLE_IDENTIFIER = spin.musicthing;
				PRODUCT_NAME = "$(TARGET_NAME)";
				SWIFT_VERSION = 5.0;
			};
			name = Debug;
		};
		5CC5CC4C24FCB881009BF76F /* Release */ = {
			isa = XCBuildConfiguration;
			buildSettings = {
				ASSETCATALOG_COMPILER_APPICON_NAME = AppIcon;
				CODE_SIGN_ENTITLEMENTS = musicthing/musicthing.entitlements;
				CODE_SIGN_STYLE = Automatic;
				COMBINE_HIDPI_IMAGES = YES;
				INFOPLIST_FILE = musicthing/Info.plist;
				LD_RUNPATH_SEARCH_PATHS = (
					"$(inherited)",
					"@executable_path/../Frameworks",
				);
				PRODUCT_BUNDLE_IDENTIFIER = spin.musicthing;
				PRODUCT_NAME = "$(TARGET_NAME)";
				SWIFT_VERSION = 5.0;
			};
			name = Release;
		};
		5CC5CC4E24FCB881009BF76F /* Debug */ = {
			isa = XCBuildConfiguration;
			buildSettings = {
				ALWAYS_EMBED_SWIFT_STANDARD_LIBRARIES = YES;
				BUNDLE_LOADER = "$(TEST_HOST)";
				CODE_SIGN_STYLE = Automatic;
				COMBINE_HIDPI_IMAGES = YES;
				INFOPLIST_FILE = musicthingTests/Info.plist;
				LD_RUNPATH_SEARCH_PATHS = (
					"$(inherited)",
					"@executable_path/../Frameworks",
					"@loader_path/../Frameworks",
				);
				MACOSX_DEPLOYMENT_TARGET = 10.15;
				PRODUCT_BUNDLE_IDENTIFIER = spin.musicthingTests;
				PRODUCT_NAME = "$(TARGET_NAME)";
				SWIFT_VERSION = 5.0;
				TEST_HOST = "$(BUILT_PRODUCTS_DIR)/musicthing.app/Contents/MacOS/musicthing";
			};
			name = Debug;
		};
		5CC5CC4F24FCB881009BF76F /* Release */ = {
			isa = XCBuildConfiguration;
			buildSettings = {
				ALWAYS_EMBED_SWIFT_STANDARD_LIBRARIES = YES;
				BUNDLE_LOADER = "$(TEST_HOST)";
				CODE_SIGN_STYLE = Automatic;
				COMBINE_HIDPI_IMAGES = YES;
				INFOPLIST_FILE = musicthingTests/Info.plist;
				LD_RUNPATH_SEARCH_PATHS = (
					"$(inherited)",
					"@executable_path/../Frameworks",
					"@loader_path/../Frameworks",
				);
				MACOSX_DEPLOYMENT_TARGET = 10.15;
				PRODUCT_BUNDLE_IDENTIFIER = spin.musicthingTests;
				PRODUCT_NAME = "$(TARGET_NAME)";
				SWIFT_VERSION = 5.0;
				TEST_HOST = "$(BUILT_PRODUCTS_DIR)/musicthing.app/Contents/MacOS/musicthing";
			};
			name = Release;
		};
		5CC5CC5124FCB881009BF76F /* Debug */ = {
			isa = XCBuildConfiguration;
			buildSettings = {
				ALWAYS_EMBED_SWIFT_STANDARD_LIBRARIES = YES;
				CODE_SIGN_STYLE = Automatic;
				COMBINE_HIDPI_IMAGES = YES;
				INFOPLIST_FILE = musicthingUITests/Info.plist;
				LD_RUNPATH_SEARCH_PATHS = (
					"$(inherited)",
					"@executable_path/../Frameworks",
					"@loader_path/../Frameworks",
				);
				PRODUCT_BUNDLE_IDENTIFIER = spin.musicthingUITests;
				PRODUCT_NAME = "$(TARGET_NAME)";
				SWIFT_VERSION = 5.0;
				TEST_TARGET_NAME = musicthing;
			};
			name = Debug;
		};
		5CC5CC5224FCB881009BF76F /* Release */ = {
			isa = XCBuildConfiguration;
			buildSettings = {
				ALWAYS_EMBED_SWIFT_STANDARD_LIBRARIES = YES;
				CODE_SIGN_STYLE = Automatic;
				COMBINE_HIDPI_IMAGES = YES;
				INFOPLIST_FILE = musicthingUITests/Info.plist;
				LD_RUNPATH_SEARCH_PATHS = (
					"$(inherited)",
					"@executable_path/../Frameworks",
					"@loader_path/../Frameworks",
				);
				PRODUCT_BUNDLE_IDENTIFIER = spin.musicthingUITests;
				PRODUCT_NAME = "$(TARGET_NAME)";
				SWIFT_VERSION = 5.0;
				TEST_TARGET_NAME = musicthing;
			};
			name = Release;
		};
/* End XCBuildConfiguration section */

/* Begin XCConfigurationList section */
		5CC5CC1F24FCB86F009BF76F /* Build configuration list for PBXProject "musicthing" */ = {
			isa = XCConfigurationList;
			buildConfigurations = (
				5CC5CC4824FCB881009BF76F /* Debug */,
				5CC5CC4924FCB881009BF76F /* Release */,
			);
			defaultConfigurationIsVisible = 0;
			defaultConfigurationName = Release;
		};
		5CC5CC4A24FCB881009BF76F /* Build configuration list for PBXNativeTarget "musicthing" */ = {
			isa = XCConfigurationList;
			buildConfigurations = (
				5CC5CC4B24FCB881009BF76F /* Debug */,
				5CC5CC4C24FCB881009BF76F /* Release */,
			);
			defaultConfigurationIsVisible = 0;
			defaultConfigurationName = Release;
		};
		5CC5CC4D24FCB881009BF76F /* Build configuration list for PBXNativeTarget "musicthingTests" */ = {
			isa = XCConfigurationList;
			buildConfigurations = (
				5CC5CC4E24FCB881009BF76F /* Debug */,
				5CC5CC4F24FCB881009BF76F /* Release */,
			);
			defaultConfigurationIsVisible = 0;
			defaultConfigurationName = Release;
		};
		5CC5CC5024FCB881009BF76F /* Build configuration list for PBXNativeTarget "musicthingUITests" */ = {
			isa = XCConfigurationList;
			buildConfigurations = (
				5CC5CC5124FCB881009BF76F /* Debug */,
				5CC5CC5224FCB881009BF76F /* Release */,
			);
			defaultConfigurationIsVisible = 0;
			defaultConfigurationName = Release;
		};
/* End XCConfigurationList section */
	};
	rootObject = 5CC5CC1C24FCB86F009BF76F /* Project object */;
}
